
Microsoft Visual Studio Solution File, Format Version 12.00
# Visual Studio Express 2012 for Web
Project("{FAE04EC0-301F-11D3-BF4B-00C04F79EFBC}") = "SpaceApp", "SpaceApp\SpaceApp.csproj", "{993B446D-7A68-4B0F-AA0A-39AAFB5F1396}"
EndProject
Global
	GlobalSection(SolutionConfigurationPlatforms) = preSolution
		Debug|Any CPU = Debug|Any CPU
		Release|Any CPU = Release|Any CPU
	EndGlobalSection
	GlobalSection(ProjectConfigurationPlatforms) = postSolution
		{993B446D-7A68-4B0F-AA0A-39AAFB5F1396}.Debug|Any CPU.ActiveCfg = Debug|Any CPU
		{993B446D-7A68-4B0F-AA0A-39AAFB5F1396}.Debug|Any CPU.Build.0 = Debug|Any CPU
		{993B446D-7A68-4B0F-AA0A-39AAFB5F1396}.Release|Any CPU.ActiveCfg = Release|Any CPU
		{993B446D-7A68-4B0F-AA0A-39AAFB5F1396}.Release|Any CPU.Build.0 = Release|Any CPU
	EndGlobalSection
	GlobalSection(SolutionProperties) = preSolution
		HideSolutionNode = FALSE
	EndGlobalSection
EndGlobal
